
Microsoft Visual Studio Solution File, Format Version 12.00
# Visual Studio Version 17
VisualStudioVersion = 17.4.33205.214
MinimumVisualStudioVersion = 10.0.40219.1
Project("{9A19103F-16F7-4668-BE54-9A1E7A4F7556}") = "Colorado.Core", "Colorado.Core\Colorado.Core.csproj", "{D727C2E2-786D-4D7B-840A-0DF96759F042}"
EndProject
Project("{9A19103F-16F7-4668-BE54-9A1E7A4F7556}") = "Colorado.Infrastructure", "Colorado.Infrastructure\Colorado.Infrastructure.csproj", "{1DCB9683-EF29-4E54-935F-22A3E688D68D}"
EndProject
Project("{9A19103F-16F7-4668-BE54-9A1E7A4F7556}") = "Colorado.Web.Api.RestFull", "Colorado.Web.Api.RestFull\Colorado.Web.Api.RestFull.csproj", "{330B6CC5-D312-418D-B89C-9CD7596D869E}"
EndProject
Project("{2150E333-8FDC-42A3-9474-1A3956D46DE8}") = "Solution Items", "Solution Items", "{63743D78-B8FC-494C-9966-DAE3E6F75CD8}"
	ProjectSection(SolutionItems) = preProject
		LEIA_ME.txt = LEIA_ME.txt
	EndProjectSection
EndProject
Project("{9A19103F-16F7-4668-BE54-9A1E7A4F7556}") = "Colorado.Web.Api.Consumer", "Colorado.Web.Api.Consumer\Colorado.Web.Api.Consumer.csproj", "{295A50D4-9746-45DC-9964-D8AEBB8B548F}"
EndProject
Project("{FAE04EC0-301F-11D3-BF4B-00C04F79EFBC}") = "Colorado.Migrations.Default", "Colorado.Migrations.Default\Colorado.Migrations.Default.csproj", "{682BEF60-1CDA-44AE-B9AD-A3A8DCE0F8DE}"
EndProject
Global
	GlobalSection(SolutionConfigurationPlatforms) = preSolution
		Debug|Any CPU = Debug|Any CPU
		Release|Any CPU = Release|Any CPU
	EndGlobalSection
	GlobalSection(ProjectConfigurationPlatforms) = postSolution
		{D727C2E2-786D-4D7B-840A-0DF96759F042}.Debug|Any CPU.ActiveCfg = Debug|Any CPU
		{D727C2E2-786D-4D7B-840A-0DF96759F042}.Debug|Any CPU.Build.0 = Debug|Any CPU
		{D727C2E2-786D-4D7B-840A-0DF96759F042}.Release|Any CPU.ActiveCfg = Release|Any CPU
		{D727C2E2-786D-4D7B-840A-0DF96759F042}.Release|Any CPU.Build.0 = Release|Any CPU
		{1DCB9683-EF29-4E54-935F-22A3E688D68D}.Debug|Any CPU.ActiveCfg = Debug|Any CPU
		{1DCB9683-EF29-4E54-935F-22A3E688D68D}.Debug|Any CPU.Build.0 = Debug|Any CPU
		{1DCB9683-EF29-4E54-935F-22A3E688D68D}.Release|Any CPU.ActiveCfg = Release|Any CPU
		{1DCB9683-EF29-4E54-935F-22A3E688D68D}.Release|Any CPU.Build.0 = Release|Any CPU
		{330B6CC5-D312-418D-B89C-9CD7596D869E}.Debug|Any CPU.ActiveCfg = Debug|Any CPU
		{330B6CC5-D312-418D-B89C-9CD7596D869E}.Debug|Any CPU.Build.0 = Debug|Any CPU
		{330B6CC5-D312-418D-B89C-9CD7596D869E}.Release|Any CPU.ActiveCfg = Release|Any CPU
		{330B6CC5-D312-418D-B89C-9CD7596D869E}.Release|Any CPU.Build.0 = Release|Any CPU
		{295A50D4-9746-45DC-9964-D8AEBB8B548F}.Debug|Any CPU.ActiveCfg = Debug|Any CPU
		{295A50D4-9746-45DC-9964-D8AEBB8B548F}.Debug|Any CPU.Build.0 = Debug|Any CPU
		{295A50D4-9746-45DC-9964-D8AEBB8B548F}.Release|Any CPU.ActiveCfg = Release|Any CPU
		{295A50D4-9746-45DC-9964-D8AEBB8B548F}.Release|Any CPU.Build.0 = Release|Any CPU
		{682BEF60-1CDA-44AE-B9AD-A3A8DCE0F8DE}.Debug|Any CPU.ActiveCfg = Debug|Any CPU
		{682BEF60-1CDA-44AE-B9AD-A3A8DCE0F8DE}.Debug|Any CPU.Build.0 = Debug|Any CPU
		{682BEF60-1CDA-44AE-B9AD-A3A8DCE0F8DE}.Release|Any CPU.ActiveCfg = Release|Any CPU
		{682BEF60-1CDA-44AE-B9AD-A3A8DCE0F8DE}.Release|Any CPU.Build.0 = Release|Any CPU
	EndGlobalSection
	GlobalSection(SolutionProperties) = preSolution
		HideSolutionNode = FALSE
	EndGlobalSection
	GlobalSection(ExtensibilityGlobals) = postSolution
		SolutionGuid = {05F2B99F-F8B9-487D-A120-BB781CF1BE48}
	EndGlobalSection
EndGlobal
